
Microsoft Visual Studio Solution File, Format Version 12.00
# Visual Studio Version 16
VisualStudioVersion = 16.0.28922.388
MinimumVisualStudioVersion = 10.0.40219.1
Project("{FAE04EC0-301F-11D3-BF4B-00C04F79EFBC}") = "01字符串的练习", "01字符串的练习\01字符串的练习.csproj", "{D64110F5-EFB7-407E-9D7A-37405F501112}"
EndProject
Global
	GlobalSection(SolutionConfigurationPlatforms) = preSolution
		Debug|Any CPU = Debug|Any CPU
		Release|Any CPU = Release|Any CPU
	EndGlobalSection
	GlobalSection(ProjectConfigurationPlatforms) = postSolution
		{D64110F5-EFB7-407E-9D7A-37405F501112}.Debug|Any CPU.ActiveCfg = Debug|Any CPU
		{D64110F5-EFB7-407E-9D7A-37405F501112}.Debug|Any CPU.Build.0 = Debug|Any CPU
		{D64110F5-EFB7-407E-9D7A-37405F501112}.Release|Any CPU.ActiveCfg = Release|Any CPU
		{D64110F5-EFB7-407E-9D7A-37405F501112}.Release|Any CPU.Build.0 = Release|Any CPU
	EndGlobalSection
	GlobalSection(SolutionProperties) = preSolution
		HideSolutionNode = FALSE
	EndGlobalSection
	GlobalSection(ExtensibilityGlobals) = postSolution
		SolutionGuid = {0E771C01-CB51-458B-BA9D-F29358948B97}
	EndGlobalSection
EndGlobal
